{
  "requires": true,
  "lockfileVersion": 1,
  "dependencies": {
    "JSONStream": {
      "version": "0.10.0",
      "resolved": "https://registry.npmjs.org/JSONStream/-/JSONStream-0.10.0.tgz",
      "integrity": "sha1-dDSdDYlSK3HzDwoD/5vSDKbxKsA=",
      "requires": {
        "jsonparse": "0.0.5",
        "through": "2.3.8"
      }
    },
    "accepts": {
      "version": "1.3.4",
      "resolved": "https://registry.npmjs.org/accepts/-/accepts-1.3.4.tgz",
      "integrity": "sha1-hiRnWMfdbSGmR0/whKR0DsBesh8=",
      "requires": {
        "mime-types": "2.1.17",
        "negotiator": "0.6.1"
      }
    },
    "assertion-error": {
      "version": "1.0.2",
      "resolved": "https://registry.npmjs.org/assertion-error/-/assertion-error-1.0.2.tgz",
      "integrity": "sha1-E8pRXYYgbaC6xm6DTdOX2HWBCUw="
    },
    "batch": {
      "version": "0.6.1",
      "resolved": "https://registry.npmjs.org/batch/-/batch-0.6.1.tgz",
      "integrity": "sha1-3DQxT05nkxgJP8dgJyUl+UvyXBY="
    },
    "bl": {
      "version": "1.2.1",
      "resolved": "https://registry.npmjs.org/bl/-/bl-1.2.1.tgz",
      "integrity": "sha1-ysMo977kVzDUBLaSID/LWQ4XLV4=",
      "requires": {
        "readable-stream": "2.0.6"
      }
    },
    "bluebird": {
      "version": "3.5.1",
      "resolved": "https://registry.npmjs.org/bluebird/-/bluebird-3.5.1.tgz",
      "integrity": "sha512-MKiLiV+I1AA596t9w1sQJ8jkiSr5+ZKi0WKrYGUn6d1Fx+Ij4tIj+m2WMQSGczs5jZVxV339chE8iwk6F64wjA=="
    },
    "buffer-crc32": {
      "version": "0.2.1",
      "resolved": "https://registry.npmjs.org/buffer-crc32/-/buffer-crc32-0.2.1.tgz",
      "integrity": "sha1-vj5TgvwCttYySVasGvmKqYsIU0w="
    },
    "bytes": {
      "version": "0.2.0",
      "resolved": "https://registry.npmjs.org/bytes/-/bytes-0.2.0.tgz",
      "integrity": "sha1-qtM+wU49wsp06OfUUfm6BTrU96A="
    },
    "chai": {
      "version": "4.1.2",
      "resolved": "https://registry.npmjs.org/chai/-/chai-4.1.2.tgz",
      "integrity": "sha1-D2RYS6ZC8PKs4oBiefTwbKI61zw=",
      "requires": {
        "assertion-error": "1.0.2",
        "check-error": "1.0.2",
        "deep-eql": "3.0.1",
        "get-func-name": "2.0.0",
        "pathval": "1.1.0",
        "type-detect": "4.0.5"
      }
    },
    "check-error": {
      "version": "1.0.2",
      "resolved": "https://registry.npmjs.org/check-error/-/check-error-1.0.2.tgz",
      "integrity": "sha1-V00xLt2Iu13YkS6Sht1sCu1KrII="
    },
    "commander": {
      "version": "1.2.0",
      "resolved": "https://registry.npmjs.org/commander/-/commander-1.2.0.tgz",
      "integrity": "sha1-/VcTv6FTx9bMWZN4patMRcU1Ap4=",
      "requires": {
        "keypress": "0.1.0"
      }
    },
    "concat-stream": {
      "version": "1.5.2",
      "resolved": "https://registry.npmjs.org/concat-stream/-/concat-stream-1.5.2.tgz",
      "integrity": "sha1-cIl4Yk2FavQaWnQd790mHadSwmY=",
      "requires": {
        "inherits": "2.0.3",
        "readable-stream": "2.0.6",
        "typedarray": "0.0.6"
      }
    },
    "connect": {
      "version": "2.7.11",
      "resolved": "https://registry.npmjs.org/connect/-/connect-2.7.11.tgz",
      "integrity": "sha1-9WHV7vcLjXGcOX9yTTS6QGXHej4=",
      "requires": {
        "buffer-crc32": "0.2.1",
        "bytes": "0.2.0",
        "cookie": "0.0.5",
        "cookie-signature": "1.0.1",
        "debug": "3.1.0",
        "formidable": "1.0.14",
        "fresh": "0.1.0",
        "pause": "0.0.1",
        "qs": "0.6.5",
        "send": "0.1.1"
      },
      "dependencies": {
        "cookie": {
          "version": "0.0.5",
          "resolved": "https://registry.npmjs.org/cookie/-/cookie-0.0.5.tgz",
          "integrity": "sha1-+az521frdWjJ/MWWJWt7si4wfIE="
        },
        "send": {
          "version": "0.1.1",
          "resolved": "https://registry.npmjs.org/send/-/send-0.1.1.tgz",
          "integrity": "sha1-C8/L0D3vbi2GEuGr+PSJW0UMYMg=",
          "requires": {
            "debug": "3.1.0",
            "fresh": "0.1.0",
            "mime": "1.2.11",
            "range-parser": "0.0.4"
          }
        }
      }
    },
    "cookie": {
      "version": "0.1.0",
      "resolved": "https://registry.npmjs.org/cookie/-/cookie-0.1.0.tgz",
      "integrity": "sha1-kOtGndzpBchm3mh+/EMTHYgB+dA="
    },
    "cookie-signature": {
      "version": "1.0.1",
      "resolved": "https://registry.npmjs.org/cookie-signature/-/cookie-signature-1.0.1.tgz",
      "integrity": "sha1-ROByFIrwHm6OJK+/EmkNaK5pjss="
    },
    "core-util-is": {
      "version": "1.0.2",
      "resolved": "https://registry.npmjs.org/core-util-is/-/core-util-is-1.0.2.tgz",
      "integrity": "sha1-tf1UIgqivFq1eqtxQMlAdUUDwac="
    },
    "cors": {
      "version": "2.4.2",
      "resolved": "https://registry.npmjs.org/cors/-/cors-2.4.2.tgz",
      "integrity": "sha1-LQ+9UEhVoKdqRps7r1v/W7gPozE="
    },
    "cross-spawn": {
      "version": "5.1.0",
      "resolved": "https://registry.npmjs.org/cross-spawn/-/cross-spawn-5.1.0.tgz",
      "integrity": "sha1-6L0O/uWPz/b4+UUQoKVUu/ojVEk=",
      "requires": {
        "lru-cache": "4.1.1",
        "shebang-command": "1.2.0",
        "which": "1.3.0"
      }
    },
    "debug": {
      "version": "3.1.0",
      "resolved": "https://registry.npmjs.org/debug/-/debug-3.1.0.tgz",
      "integrity": "sha512-OX8XqP7/1a9cqkxYw2yXss15f26NKWBpDXQd0/uK/KPqdQhxbPa994hnzjcE2VqQpDslf55723cKPUOGSmMY3g==",
      "requires": {
        "ms": "2.0.0"
      }
    },
    "deep-eql": {
      "version": "3.0.1",
      "resolved": "https://registry.npmjs.org/deep-eql/-/deep-eql-3.0.1.tgz",
      "integrity": "sha512-+QeIQyN5ZuO+3Uk5DYh6/1eKO0m0YmJFGNmFHGACpf1ClL1nmlV/p4gNgbl2pJGxgXb4faqo6UE+M5ACEMyVcw==",
      "requires": {
        "type-detect": "4.0.5"
      }
    },
    "depd": {
      "version": "1.1.1",
      "resolved": "https://registry.npmjs.org/depd/-/depd-1.1.1.tgz",
      "integrity": "sha1-V4O04cRZ8G+lyif5kfPQbnoxA1k="
    },
    "docker-modem": {
      "version": "1.0.3",
      "resolved": "https://registry.npmjs.org/docker-modem/-/docker-modem-1.0.3.tgz",
      "integrity": "sha512-D55iUS6GrV7ohFurvAl1PYqEf8k/x3+xWxtOFoKOs8JM2xyT1yBbZ216Nxjk4F0TboR5iqVVITwPiH/AXeP9Ig==",
      "requires": {
        "JSONStream": "0.10.0",
        "debug": "2.6.9",
        "readable-stream": "1.0.34",
        "split-ca": "1.0.1"
      },
      "dependencies": {
        "debug": {
          "version": "2.6.9",
          "resolved": "https://registry.npmjs.org/debug/-/debug-2.6.9.tgz",
          "integrity": "sha512-bC7ElrdJaJnPbAP+1EotYvqZsb3ecl5wi6Bfi6BJTUcNowp6cvspg0jXznRTKDjm/E7AdgFBVeAPVMNcKGsHMA==",
          "requires": {
            "ms": "2.0.0"
          }
        },
        "isarray": {
          "version": "0.0.1",
          "resolved": "https://registry.npmjs.org/isarray/-/isarray-0.0.1.tgz",
          "integrity": "sha1-ihis/Kmo9Bd+Cav8YDiTmwXR7t8="
        },
        "readable-stream": {
          "version": "1.0.34",
          "resolved": "https://registry.npmjs.org/readable-stream/-/readable-stream-1.0.34.tgz",
          "integrity": "sha1-Elgg40vIQtLyqq+v5MKRbuMsFXw=",
          "requires": {
            "core-util-is": "1.0.2",
            "inherits": "2.0.3",
            "isarray": "0.0.1",
            "string_decoder": "0.10.31"
          }
        }
      }
    },
    "dockerode": {
      "version": "2.5.3",
      "resolved": "https://registry.npmjs.org/dockerode/-/dockerode-2.5.3.tgz",
      "integrity": "sha512-LQKXR5jyI+G/+5OhZCi40m0ArY4j46g7Tl71Vtn10Ekt5TiyDzZAoqXOCS6edQpEuGbdFgSDJxleFqLxACpKJg==",
      "requires": {
        "concat-stream": "1.5.2",
        "docker-modem": "1.0.3",
        "tar-fs": "1.12.0"
      }
    },
    "end-of-stream": {
      "version": "1.4.0",
      "resolved": "https://registry.npmjs.org/end-of-stream/-/end-of-stream-1.4.0.tgz",
      "integrity": "sha1-epDYM+/abPpurA9JSduw+tOmMgY=",
      "requires": {
        "once": "1.4.0"
      }
    },
    "escape-html": {
      "version": "1.0.3",
      "resolved": "https://registry.npmjs.org/escape-html/-/escape-html-1.0.3.tgz",
      "integrity": "sha1-Aljq5NPQwJdN4cFpGI7wBR0dGYg="
    },
    "execa": {
      "version": "0.8.0",
      "resolved": "https://registry.npmjs.org/execa/-/execa-0.8.0.tgz",
      "integrity": "sha1-2NdrvBtVIX7RkP1t1J08d07PyNo=",
      "requires": {
        "cross-spawn": "5.1.0",
        "get-stream": "3.0.0",
        "is-stream": "1.1.0",
        "npm-run-path": "2.0.2",
        "p-finally": "1.0.0",
        "signal-exit": "3.0.2",
        "strip-eof": "1.0.0"
      }
    },
    "express": {
      "version": "3.2.6",
      "resolved": "https://registry.npmjs.org/express/-/express-3.2.6.tgz",
      "integrity": "sha1-2Kn+BlrcI8W0HsLGicZysmFDD/w=",
      "requires": {
        "buffer-crc32": "0.2.1",
        "commander": "0.6.1",
        "connect": "2.7.11",
        "cookie": "0.1.0",
        "cookie-signature": "1.0.1",
        "debug": "3.1.0",
        "fresh": "0.1.0",
        "methods": "0.0.1",
        "mkdirp": "0.3.4",
        "range-parser": "0.0.4",
        "send": "0.1.0"
      },
      "dependencies": {
        "commander": {
          "version": "0.6.1",
          "resolved": "https://registry.npmjs.org/commander/-/commander-0.6.1.tgz",
          "integrity": "sha1-+mihT2qUXVTbvlDYzbMyDp47GgY="
        },
        "mkdirp": {
          "version": "0.3.4",
          "resolved": "https://registry.npmjs.org/mkdirp/-/mkdirp-0.3.4.tgz",
          "integrity": "sha1-+MgdITtymaAx8ZOlfXUqF9L2x9g="
        }
      }
    },
    "formidable": {
      "version": "1.0.14",
      "resolved": "https://registry.npmjs.org/formidable/-/formidable-1.0.14.tgz",
      "integrity": "sha1-Kz9MQRy7X91pXESEPiojUUpDIxo="
    },
    "fresh": {
      "version": "0.1.0",
      "resolved": "https://registry.npmjs.org/fresh/-/fresh-0.1.0.tgz",
      "integrity": "sha1-A+SwF4Qk5MLV0ZpU2IFM3JeTSFA="
    },
    "fs-extra": {
      "version": "4.0.2",
      "resolved": "https://registry.npmjs.org/fs-extra/-/fs-extra-4.0.2.tgz",
      "integrity": "sha1-+RcExT0bRh+JNFKwwwfZmXZHq2s=",
      "requires": {
        "graceful-fs": "4.1.11",
        "jsonfile": "4.0.0",
        "universalify": "0.1.1"
      }
    },
    "get-func-name": {
      "version": "2.0.0",
      "resolved": "https://registry.npmjs.org/get-func-name/-/get-func-name-2.0.0.tgz",
      "integrity": "sha1-6td0q+5y4gQJQzoGY2YCPdaIekE="
    },
    "get-stream": {
      "version": "3.0.0",
      "resolved": "https://registry.npmjs.org/get-stream/-/get-stream-3.0.0.tgz",
      "integrity": "sha1-jpQ9E1jcN1VQVOy+LtsFqhdO3hQ="
    },
    "graceful-fs": {
      "version": "4.1.11",
      "resolved": "https://registry.npmjs.org/graceful-fs/-/graceful-fs-4.1.11.tgz",
      "integrity": "sha1-Dovf5NHduIVNZOBOp8AOKgJuVlg="
    },
    "http-errors": {
      "version": "1.6.2",
      "resolved": "https://registry.npmjs.org/http-errors/-/http-errors-1.6.2.tgz",
      "integrity": "sha1-CgAsyFcHGSp+eUbO7cERVfYOxzY=",
      "requires": {
        "depd": "1.1.1",
        "inherits": "2.0.3",
        "setprototypeof": "1.0.3",
        "statuses": "1.4.0"
      }
    },
    "httpster": {
      "version": "1.0.3",
      "resolved": "https://registry.npmjs.org/httpster/-/httpster-1.0.3.tgz",
      "integrity": "sha1-lDC3p93zESx7lWzn2ZJSkB4F2Do=",
      "requires": {
        "commander": "1.2.0",
        "cors": "2.4.2",
        "express": "3.2.6",
        "node-env-file": "0.1.4",
        "serve-index": "1.9.1"
      }
    },
    "inherits": {
      "version": "2.0.3",
      "resolved": "https://registry.npmjs.org/inherits/-/inherits-2.0.3.tgz",
      "integrity": "sha1-Yzwsg+PaQqUC9SRmAiSA9CCCYd4="
    },
    "is-stream": {
      "version": "1.1.0",
      "resolved": "https://registry.npmjs.org/is-stream/-/is-stream-1.1.0.tgz",
      "integrity": "sha1-EtSj3U5o4Lec6428hBc66A2RykQ="
    },
    "isarray": {
      "version": "1.0.0",
      "resolved": "https://registry.npmjs.org/isarray/-/isarray-1.0.0.tgz",
      "integrity": "sha1-u5NdSFgsuhaMBoNJV6VKPgcSTxE="
    },
    "isexe": {
      "version": "2.0.0",
      "resolved": "https://registry.npmjs.org/isexe/-/isexe-2.0.0.tgz",
      "integrity": "sha1-6PvzdNxVb/iUehDcsFctYz8s+hA="
    },
    "jsonfile": {
      "version": "4.0.0",
      "resolved": "https://registry.npmjs.org/jsonfile/-/jsonfile-4.0.0.tgz",
      "integrity": "sha1-h3Gq4HmbZAdrdmQPygWPnBDjPss=",
      "requires": {
        "graceful-fs": "4.1.11"
      }
    },
    "jsonparse": {
      "version": "0.0.5",
      "resolved": "https://registry.npmjs.org/jsonparse/-/jsonparse-0.0.5.tgz",
      "integrity": "sha1-MwVCrT8KZUZlt3jz6y2an6UHrGQ="
    },
    "keypress": {
      "version": "0.1.0",
      "resolved": "https://registry.npmjs.org/keypress/-/keypress-0.1.0.tgz",
      "integrity": "sha1-SjGI1CkbZrT2XtuZ+AaqmuKTWSo="
    },
    "lodash": {
      "version": "4.17.4",
      "resolved": "https://registry.npmjs.org/lodash/-/lodash-4.17.4.tgz",
      "integrity": "sha1-eCA6TRwyiuHYbcpkYONptX9AVa4="
    },
    "lru-cache": {
      "version": "4.1.1",
      "resolved": "https://registry.npmjs.org/lru-cache/-/lru-cache-4.1.1.tgz",
      "integrity": "sha512-q4spe4KTfsAS1SUHLO0wz8Qiyf1+vMIAgpRYioFYDMNqKfHQbg+AVDH3i4fvpl71/P1L0dBl+fQi+P37UYf0ew==",
      "requires": {
        "pseudomap": "1.0.2",
        "yallist": "2.1.2"
      }
    },
    "methods": {
      "version": "0.0.1",
      "resolved": "https://registry.npmjs.org/methods/-/methods-0.0.1.tgz",
      "integrity": "sha1-J3yQ+L7zlwlkWoNxxRw7bGSOBow="
    },
    "mime": {
      "version": "1.2.11",
      "resolved": "https://registry.npmjs.org/mime/-/mime-1.2.11.tgz",
      "integrity": "sha1-WCA+7Ybjpe8XrtK32evUfwpg3RA="
    },
    "mime-db": {
      "version": "1.30.0",
      "resolved": "https://registry.npmjs.org/mime-db/-/mime-db-1.30.0.tgz",
      "integrity": "sha1-dMZD2i3Z1qRTmZY0ZbJtXKfXHwE="
    },
    "mime-types": {
      "version": "2.1.17",
      "resolved": "https://registry.npmjs.org/mime-types/-/mime-types-2.1.17.tgz",
      "integrity": "sha1-Cdejk/A+mVp5+K+Fe3Cp4KsWVXo=",
      "requires": {
        "mime-db": "1.30.0"
      }
    },
    "minimist": {
      "version": "0.0.8",
      "resolved": "https://registry.npmjs.org/minimist/-/minimist-0.0.8.tgz",
      "integrity": "sha1-hX/Kv8M5fSYluCKCYuhqp6ARsF0="
    },
    "mkdirp": {
      "version": "0.5.1",
      "resolved": "https://registry.npmjs.org/mkdirp/-/mkdirp-0.5.1.tgz",
      "integrity": "sha1-MAV0OOrGz3+MR2fzhkjWaX11yQM=",
      "requires": {
        "minimist": "0.0.8"
      }
    },
    "ms": {
      "version": "2.0.0",
      "resolved": "https://registry.npmjs.org/ms/-/ms-2.0.0.tgz",
      "integrity": "sha1-VgiurfwAvmwpAd9fmGF4jeDVl8g="
    },
    "negotiator": {
      "version": "0.6.1",
      "resolved": "https://registry.npmjs.org/negotiator/-/negotiator-0.6.1.tgz",
      "integrity": "sha1-KzJxhOiZIQEXeyhWP7XnECrNDKk="
    },
    "node-env-file": {
      "version": "0.1.4",
      "resolved": "https://registry.npmjs.org/node-env-file/-/node-env-file-0.1.4.tgz",
      "integrity": "sha1-PhPOKnzycmVI4sGWUOWadD5HstU=",
      "requires": {
        "chai": "4.1.2"
      }
    },
    "npm-run-path": {
      "version": "2.0.2",
      "resolved": "https://registry.npmjs.org/npm-run-path/-/npm-run-path-2.0.2.tgz",
      "integrity": "sha1-NakjLfo11wZ7TLLd8jV7GHFTbF8=",
      "requires": {
        "path-key": "2.0.1"
      }
    },
    "once": {
      "version": "1.4.0",
      "resolved": "https://registry.npmjs.org/once/-/once-1.4.0.tgz",
      "integrity": "sha1-WDsap3WWHUsROsF9nFC6753Xa9E=",
      "requires": {
        "wrappy": "1.0.2"
      }
    },
    "p-finally": {
      "version": "1.0.0",
      "resolved": "https://registry.npmjs.org/p-finally/-/p-finally-1.0.0.tgz",
      "integrity": "sha1-P7z7FbiZpEEjs0ttzBi3JDNqLK4="
    },
    "parseurl": {
      "version": "1.3.2",
      "resolved": "https://registry.npmjs.org/parseurl/-/parseurl-1.3.2.tgz",
      "integrity": "sha1-/CidTtiZMRlGDBViUyYs3I3mW/M="
    },
    "path-key": {
      "version": "2.0.1",
      "resolved": "https://registry.npmjs.org/path-key/-/path-key-2.0.1.tgz",
      "integrity": "sha1-QRyttXTFoUDTpLGRDUDYDMn0C0A="
    },
    "pathval": {
      "version": "1.1.0",
      "resolved": "https://registry.npmjs.org/pathval/-/pathval-1.1.0.tgz",
      "integrity": "sha1-uULm1L3mUwBe9rcTYd74cn0GReA="
    },
    "pause": {
      "version": "0.0.1",
      "resolved": "https://registry.npmjs.org/pause/-/pause-0.0.1.tgz",
      "integrity": "sha1-HUCLP9t2kjuVQ9lvtMnf1TXZy10="
    },
    "perish": {
      "version": "1.0.1",
      "resolved": "https://registry.npmjs.org/perish/-/perish-1.0.1.tgz",
      "integrity": "sha1-zMNHcSO/PEdvF4PXn6OZ83ADudM="
    },
    "process-nextick-args": {
      "version": "1.0.7",
      "resolved": "https://registry.npmjs.org/process-nextick-args/-/process-nextick-args-1.0.7.tgz",
      "integrity": "sha1-FQ4gt1ZZCtP5EJPyWk8q2L/zC6M="
    },
    "pseudomap": {
      "version": "1.0.2",
      "resolved": "https://registry.npmjs.org/pseudomap/-/pseudomap-1.0.2.tgz",
      "integrity": "sha1-8FKijacOYYkX7wqKw0wa5aaChrM="
    },
    "pump": {
      "version": "1.0.2",
      "resolved": "https://registry.npmjs.org/pump/-/pump-1.0.2.tgz",
      "integrity": "sha1-Oz7mUS+U8OV1U4wXmV+fFpkKXVE=",
      "requires": {
        "end-of-stream": "1.4.0",
        "once": "1.4.0"
      }
    },
    "qs": {
      "version": "0.6.5",
      "resolved": "https://registry.npmjs.org/qs/-/qs-0.6.5.tgz",
      "integrity": "sha1-KUsmjksNQlD23eGbO4s0k13/FO8="
    },
    "range-parser": {
      "version": "0.0.4",
      "resolved": "https://registry.npmjs.org/range-parser/-/range-parser-0.0.4.tgz",
      "integrity": "sha1-wEJ//vUcEKy6B4KkbJYC50T/Ygs="
    },
    "readable-stream": {
      "version": "2.0.6",
      "resolved": "https://registry.npmjs.org/readable-stream/-/readable-stream-2.0.6.tgz",
      "integrity": "sha1-j5A0HmilPMySh4jaz80Rs265t44=",
      "requires": {
        "core-util-is": "1.0.2",
        "inherits": "2.0.3",
        "isarray": "1.0.0",
        "process-nextick-args": "1.0.7",
        "string_decoder": "0.10.31",
        "util-deprecate": "1.0.2"
      }
    },
    "send": {
      "version": "0.1.0",
      "resolved": "https://registry.npmjs.org/send/-/send-0.1.0.tgz",
      "integrity": "sha1-z7COvTzsm3/Bo32f+eh1qXHPRkA=",
      "requires": {
        "debug": "3.1.0",
        "fresh": "0.1.0",
        "mime": "1.2.6",
        "range-parser": "0.0.4"
      },
      "dependencies": {
        "mime": {
          "version": "1.2.6",
          "resolved": "https://registry.npmjs.org/mime/-/mime-1.2.6.tgz",
          "integrity": "sha1-sfhsdowCX6h7SAdfFwnyiuryA2U="
        }
      }
    },
    "serialize-javascript": {
      "version": "1.4.0",
      "resolved": "https://registry.npmjs.org/serialize-javascript/-/serialize-javascript-1.4.0.tgz",
      "integrity": "sha1-fJWFFNtqwkQ6irwGLcn3iGp/YAU="
    },
    "serve-index": {
      "version": "1.9.1",
      "resolved": "https://registry.npmjs.org/serve-index/-/serve-index-1.9.1.tgz",
      "integrity": "sha1-03aNabHn2C5c4FD/9bRTvqEqkjk=",
      "requires": {
        "accepts": "1.3.4",
        "batch": "0.6.1",
        "debug": "2.6.9",
        "escape-html": "1.0.3",
        "http-errors": "1.6.2",
        "mime-types": "2.1.17",
        "parseurl": "1.3.2"
      },
      "dependencies": {
        "debug": {
          "version": "2.6.9",
          "resolved": "https://registry.npmjs.org/debug/-/debug-2.6.9.tgz",
          "integrity": "sha512-bC7ElrdJaJnPbAP+1EotYvqZsb3ecl5wi6Bfi6BJTUcNowp6cvspg0jXznRTKDjm/E7AdgFBVeAPVMNcKGsHMA==",
          "requires": {
            "ms": "2.0.0"
          }
        }
      }
    },
    "setprototypeof": {
      "version": "1.0.3",
      "resolved": "https://registry.npmjs.org/setprototypeof/-/setprototypeof-1.0.3.tgz",
      "integrity": "sha1-ZlZ+NwQ+608E2RvWWMDL77VbjgQ="
    },
    "shebang-command": {
      "version": "1.2.0",
      "resolved": "https://registry.npmjs.org/shebang-command/-/shebang-command-1.2.0.tgz",
      "integrity": "sha1-RKrGW2lbAzmJaMOfNj/uXer98eo=",
      "requires": {
        "shebang-regex": "1.0.0"
      }
    },
    "shebang-regex": {
      "version": "1.0.0",
      "resolved": "https://registry.npmjs.org/shebang-regex/-/shebang-regex-1.0.0.tgz",
      "integrity": "sha1-2kL0l0DAtC2yypcoVxyxkMmO/qM="
    },
    "signal-exit": {
      "version": "3.0.2",
      "resolved": "https://registry.npmjs.org/signal-exit/-/signal-exit-3.0.2.tgz",
      "integrity": "sha1-tf3AjxKH6hF4Yo5BXiUTK3NkbG0="
    },
    "split-ca": {
      "version": "1.0.1",
      "resolved": "https://registry.npmjs.org/split-ca/-/split-ca-1.0.1.tgz",
      "integrity": "sha1-bIOv82kvphJW4M0ZfgXp3hV2kaY="
    },
    "statuses": {
      "version": "1.4.0",
      "resolved": "https://registry.npmjs.org/statuses/-/statuses-1.4.0.tgz",
      "integrity": "sha512-zhSCtt8v2NDrRlPQpCNtw/heZLtfUDqxBM1udqikb/Hbk52LK4nQSwr10u77iopCW5LsyHpuXS0GnEc48mLeew=="
    },
    "string_decoder": {
      "version": "0.10.31",
      "resolved": "https://registry.npmjs.org/string_decoder/-/string_decoder-0.10.31.tgz",
      "integrity": "sha1-YuIDvEF2bGwoyfyEMB2rHFMQ+pQ="
    },
    "strip-eof": {
      "version": "1.0.0",
      "resolved": "https://registry.npmjs.org/strip-eof/-/strip-eof-1.0.0.tgz",
      "integrity": "sha1-u0P/VZim6wXYm1n80SnJgzE2Br8="
    },
    "tar-fs": {
      "version": "1.12.0",
      "resolved": "https://registry.npmjs.org/tar-fs/-/tar-fs-1.12.0.tgz",
      "integrity": "sha1-pqgFU9ilTHPeHQrg553ncDVgXh0=",
      "requires": {
        "mkdirp": "0.5.1",
        "pump": "1.0.2",
        "tar-stream": "1.5.4"
      }
    },
    "tar-stream": {
      "version": "1.5.4",
      "resolved": "https://registry.npmjs.org/tar-stream/-/tar-stream-1.5.4.tgz",
      "integrity": "sha1-NlSc8E7RrumyowwBQyUiONr5QBY=",
      "requires": {
        "bl": "1.2.1",
        "end-of-stream": "1.4.0",
        "readable-stream": "2.0.6",
        "xtend": "4.0.1"
      }
    },
    "through": {
      "version": "2.3.8",
      "resolved": "https://registry.npmjs.org/through/-/through-2.3.8.tgz",
      "integrity": "sha1-DdTJ/6q8NXlgsbckEV1+Doai4fU="
    },
    "type-detect": {
      "version": "4.0.5",
      "resolved": "https://registry.npmjs.org/type-detect/-/type-detect-4.0.5.tgz",
      "integrity": "sha512-N9IvkQslUGYGC24RkJk1ba99foK6TkwC2FHAEBlQFBP0RxQZS8ZpJuAZcwiY/w9ZJHFQb1aOXBI60OdxhTrwEQ=="
    },
    "typedarray": {
      "version": "0.0.6",
      "resolved": "https://registry.npmjs.org/typedarray/-/typedarray-0.0.6.tgz",
      "integrity": "sha1-hnrHTjhkGHsdPUfZlqeOxciDB3c="
    },
    "universalify": {
      "version": "0.1.1",
      "resolved": "https://registry.npmjs.org/universalify/-/universalify-0.1.1.tgz",
      "integrity": "sha1-+nG63UQ3r0wUiEHjs7Fl+enlkLc="
    },
    "util-deprecate": {
      "version": "1.0.2",
      "resolved": "https://registry.npmjs.org/util-deprecate/-/util-deprecate-1.0.2.tgz",
      "integrity": "sha1-RQ1Nyfpw3nMnYvvS1KKJgUGaDM8="
    },
    "which": {
      "version": "1.3.0",
      "resolved": "https://registry.npmjs.org/which/-/which-1.3.0.tgz",
      "integrity": "sha512-xcJpopdamTuY5duC/KnTTNBraPK54YwpenP4lzxU8H91GudWpFv38u0CKjclE1Wi2EH2EDz5LRcHcKbCIzqGyg==",
      "requires": {
        "isexe": "2.0.0"
      }
    },
    "wrappy": {
      "version": "1.0.2",
      "resolved": "https://registry.npmjs.org/wrappy/-/wrappy-1.0.2.tgz",
      "integrity": "sha1-tSQ9jz7BqjXxNkYFvA0QNuMKtp8="
    },
    "xtend": {
      "version": "4.0.1",
      "resolved": "https://registry.npmjs.org/xtend/-/xtend-4.0.1.tgz",
      "integrity": "sha1-pcbVMr5lbiPbgg77lDofBJmNY68="
    },
    "yallist": {
      "version": "2.1.2",
      "resolved": "https://registry.npmjs.org/yallist/-/yallist-2.1.2.tgz",
      "integrity": "sha1-HBH5IY8HYImkfdUS+TxmmaaoHVI="
    }
  }
}
